
Microsoft Visual Studio Solution File, Format Version 12.00
# Visual Studio 15
VisualStudioVersion = 15.0.26730.8
MinimumVisualStudioVersion = 10.0.40219.1
Project("{8BC9CEB8-8B4A-11D0-8D11-00A0C91BC942}") = "Замена cout своей функцией", "Замена cout своей функцией\Замена cout своей функцией.vcxproj", "{48453828-0A00-4367-8372-FCCC664C85C8}"
EndProject
Global
	GlobalSection(SolutionConfigurationPlatforms) = preSolution
		Debug|x64 = Debug|x64
		Debug|x86 = Debug|x86
		Release|x64 = Release|x64
		Release|x86 = Release|x86
	EndGlobalSection
	GlobalSection(ProjectConfigurationPlatforms) = postSolution
		{48453828-0A00-4367-8372-FCCC664C85C8}.Debug|x64.ActiveCfg = Debug|x64
		{48453828-0A00-4367-8372-FCCC664C85C8}.Debug|x64.Build.0 = Debug|x64
		{48453828-0A00-4367-8372-FCCC664C85C8}.Debug|x86.ActiveCfg = Debug|Win32
		{48453828-0A00-4367-8372-FCCC664C85C8}.Debug|x86.Build.0 = Debug|Win32
		{48453828-0A00-4367-8372-FCCC664C85C8}.Release|x64.ActiveCfg = Release|x64
		{48453828-0A00-4367-8372-FCCC664C85C8}.Release|x64.Build.0 = Release|x64
		{48453828-0A00-4367-8372-FCCC664C85C8}.Release|x86.ActiveCfg = Release|Win32
		{48453828-0A00-4367-8372-FCCC664C85C8}.Release|x86.Build.0 = Release|Win32
	EndGlobalSection
	GlobalSection(SolutionProperties) = preSolution
		HideSolutionNode = FALSE
	EndGlobalSection
	GlobalSection(ExtensibilityGlobals) = postSolution
		SolutionGuid = {3FAC9E8F-9B77-499A-8B3C-D45ADF7C4107}
	EndGlobalSection
EndGlobal
